Microsoft Visual Studio Solution File, Format Version 12.00
# Visual Studio 2012
Project("{FAE04EC0-301F-11D3-BF4B-00C04F79EFBC}") = "Starter Kit 3D Platformer", "Starter Kit 3D Platformer.csproj", "{F25DD02F-7615-476F-BA1B-9DAF5682DDA8}"
EndProject
Global
	GlobalSection(SolutionConfigurationPlatforms) = preSolution
	Debug|Any CPU = Debug|Any CPU
	ExportDebug|Any CPU = ExportDebug|Any CPU
	ExportRelease|Any CPU = ExportRelease|Any CPU
	EndGlobalSection
	GlobalSection(ProjectConfigurationPlatforms) = postSolution
		{F25DD02F-7615-476F-BA1B-9DAF5682DDA8}.Debug|Any CPU.ActiveCfg = Debug|Any CPU
		{F25DD02F-7615-476F-BA1B-9DAF5682DDA8}.Debug|Any CPU.Build.0 = Debug|Any CPU
		{F25DD02F-7615-476F-BA1B-9DAF5682DDA8}.ExportDebug|Any CPU.ActiveCfg = ExportDebug|Any CPU
		{F25DD02F-7615-476F-BA1B-9DAF5682DDA8}.ExportDebug|Any CPU.Build.0 = ExportDebug|Any CPU
		{F25DD02F-7615-476F-BA1B-9DAF5682DDA8}.ExportRelease|Any CPU.ActiveCfg = ExportRelease|Any CPU
		{F25DD02F-7615-476F-BA1B-9DAF5682DDA8}.ExportRelease|Any CPU.Build.0 = ExportRelease|Any CPU
	EndGlobalSection
EndGlobal
